Microsoft Visual Studio Solution File, Format Version 7.00
Project("{EAF909A5-FA59-4C3D-9431-0FCC20D5BCF9}") = "foo_mp4", "foo_mp4.vcproj", "{5CEB23D7-5BDB-4D77-978A-D5B8572843FF}"
EndProject
Project("{EAF909A5-FA59-4C3D-9431-0FCC20D5BCF9}") = "foobar2000_SDK", "foobar2000\SDK\foobar2000_SDK.vcproj", "{409102E1-0B45-41CD-A3F8-C37371520D9B}"
EndProject
Project("{EAF909A5-FA59-4C3D-9431-0FCC20D5BCF9}") = "libfaad", "..\..\libfaad\libfaad.vcproj", "{AB39547E-6CAC-4E25-8BC4-C97EFC144800}"
EndProject
Project("{EAF909A5-FA59-4C3D-9431-0FCC20D5BCF9}") = "pfc_unicode", "pfc\pfc_unicode.vcproj", "{5C9C90BE-0FEA-4C67-9A4C-C2513C2E27C4}"
EndProject
Project("{EAF909A5-FA59-4C3D-9431-0FCC20D5BCF9}") = "libmp4v2_cb", "..\..\common\mp4v2\libmp4v2_cb.vcproj", "{FAEB6203-052A-4073-AC1C-9CF6FB5B40CC}"
EndProject
Global
	GlobalSection(SolutionConfiguration) = preSolution
		ConfigName.0 = Debug
		ConfigName.1 = Release
		ConfigName.2 = Release ANSI
	EndGlobalSection
	GlobalSection(ProjectDependencies) = postSolution
		{5CEB23D7-5BDB-4D77-978A-D5B8572843FF}.0 = {409102E1-0B45-41CD-A3F8-C37371520D9B}
		{5CEB23D7-5BDB-4D77-978A-D5B8572843FF}.1 = {FAEB6203-052A-4073-AC1C-9CF6FB5B40CC}
		{5CEB23D7-5BDB-4D77-978A-D5B8572843FF}.2 = {AB39547E-6CAC-4E25-8BC4-C97EFC144800}
		{5CEB23D7-5BDB-4D77-978A-D5B8572843FF}.3 = {5C9C90BE-0FEA-4C67-9A4C-C2513C2E27C4}
	EndGlobalSection
	GlobalSection(ProjectConfiguration) = postSolution
		{5CEB23D7-5BDB-4D77-978A-D5B8572843FF}.Debug.ActiveCfg = Debug|Win32
		{5CEB23D7-5BDB-4D77-978A-D5B8572843FF}.Debug.Build.0 = Debug|Win32
		{5CEB23D7-5BDB-4D77-978A-D5B8572843FF}.Release.ActiveCfg = Release|Win32
		{5CEB23D7-5BDB-4D77-978A-D5B8572843FF}.Release.Build.0 = Release|Win32
		{5CEB23D7-5BDB-4D77-978A-D5B8572843FF}.Release ANSI.ActiveCfg = Release|Win32
		{5CEB23D7-5BDB-4D77-978A-D5B8572843FF}.Release ANSI.Build.0 = Release|Win32
		{409102E1-0B45-41CD-A3F8-C37371520D9B}.Debug.ActiveCfg = Debug|Win32
		{409102E1-0B45-41CD-A3F8-C37371520D9B}.Debug.Build.0 = Debug|Win32
		{409102E1-0B45-41CD-A3F8-C37371520D9B}.Release.ActiveCfg = Release|Win32
		{409102E1-0B45-41CD-A3F8-C37371520D9B}.Release.Build.0 = Release|Win32
		{409102E1-0B45-41CD-A3F8-C37371520D9B}.Release ANSI.ActiveCfg = Release|Win32
		{409102E1-0B45-41CD-A3F8-C37371520D9B}.Release ANSI.Build.0 = Release|Win32
		{AB39547E-6CAC-4E25-8BC4-C97EFC144800}.Debug.ActiveCfg = Debug|Win32
		{AB39547E-6CAC-4E25-8BC4-C97EFC144800}.Debug.Build.0 = Debug|Win32
		{AB39547E-6CAC-4E25-8BC4-C97EFC144800}.Release.ActiveCfg = Release|Win32
		{AB39547E-6CAC-4E25-8BC4-C97EFC144800}.Release.Build.0 = Release|Win32
		{AB39547E-6CAC-4E25-8BC4-C97EFC144800}.Release ANSI.ActiveCfg = Release|Win32
		{AB39547E-6CAC-4E25-8BC4-C97EFC144800}.Release ANSI.Build.0 = Release|Win32
		{5C9C90BE-0FEA-4C67-9A4C-C2513C2E27C4}.Debug.ActiveCfg = Debug|Win32
		{5C9C90BE-0FEA-4C67-9A4C-C2513C2E27C4}.Debug.Build.0 = Debug|Win32
		{5C9C90BE-0FEA-4C67-9A4C-C2513C2E27C4}.Release.ActiveCfg = Release|Win32
		{5C9C90BE-0FEA-4C67-9A4C-C2513C2E27C4}.Release.Build.0 = Release|Win32
		{5C9C90BE-0FEA-4C67-9A4C-C2513C2E27C4}.Release ANSI.ActiveCfg = Release ANSI|Win32
		{5C9C90BE-0FEA-4C67-9A4C-C2513C2E27C4}.Release ANSI.Build.0 = Release ANSI|Win32
		{FAEB6203-052A-4073-AC1C-9CF6FB5B40CC}.Debug.ActiveCfg = Debug|Win32
		{FAEB6203-052A-4073-AC1C-9CF6FB5B40CC}.Debug.Build.0 = Debug|Win32
		{FAEB6203-052A-4073-AC1C-9CF6FB5B40CC}.Release.ActiveCfg = Release|Win32
		{FAEB6203-052A-4073-AC1C-9CF6FB5B40CC}.Release.Build.0 = Release|Win32
		{FAEB6203-052A-4073-AC1C-9CF6FB5B40CC}.Release ANSI.ActiveCfg = Release|Win32
		{FAEB6203-052A-4073-AC1C-9CF6FB5B40CC}.Release ANSI.Build.0 = Release|Win32
	EndGlobalSection
	GlobalSection(ExtensibilityGlobals) = postSolution
	EndGlobalSection
	GlobalSection(ExtensibilityAddIns) = postSolution
	EndGlobalSection
EndGlobal
