Microsoft Visual Studio Solution File, Format Version 7.00
Project("{8BC9CEB8-8B4A-11D0-8D11-00A0C91BC942}") = "foo_mp4", "foo_mp4.vcproj", "{5CEB23D7-5BDB-4D77-978A-D5B8572843FF}"
EndProject
Project("{8BC9CEB8-8B4A-11D0-8D11-00A0C91BC942}") = "foobar2000_SDK", "foobar2000\SDK\foobar2000_SDK.vcproj", "{409102E1-0B45-41CD-A3F8-C37371520D9B}"
EndProject
Project("{8BC9CEB8-8B4A-11D0-8D11-00A0C91BC942}") = "libfaad", "..\..\libfaad\libfaad.vcproj", "{AB39547E-6CAC-4E25-8BC4-C97EFC144800}"
EndProject
Project("{8BC9CEB8-8B4A-11D0-8D11-00A0C91BC942}") = "libmp4v2_st", "..\..\common\mp4v2\libmp4v2_st60.vcproj", "{0842E354-7635-4B5D-8709-9A373ED27DCA}"
EndProject
Project("{8BC9CEB8-8B4A-11D0-8D11-00A0C91BC942}") = "pfc_unicode", "pfc\pfc_unicode.vcproj", "{5C9C90BE-0FEA-4C67-9A4C-C2513C2E27C4}"
EndProject
Global
	GlobalSection(SolutionConfiguration) = preSolution
		ConfigName.0 = Debug
		ConfigName.1 = Release
		ConfigName.2 = Release ANSI
	EndGlobalSection
	GlobalSection(ProjectDependencies) = postSolution
		{5CEB23D7-5BDB-4D77-978A-D5B8572843FF}.0 = {409102E1-0B45-41CD-A3F8-C37371520D9B}
		{5CEB23D7-5BDB-4D77-978A-D5B8572843FF}.1 = {5C9C90BE-0FEA-4C67-9A4C-C2513C2E27C4}
		{5CEB23D7-5BDB-4D77-978A-D5B8572843FF}.2 = {AB39547E-6CAC-4E25-8BC4-C97EFC144800}
		{5CEB23D7-5BDB-4D77-978A-D5B8572843FF}.3 = {0842E354-7635-4B5D-8709-9A373ED27DCA}
	EndGlobalSection
	GlobalSection(ProjectConfiguration) = postSolution
		{5CEB23D7-5BDB-4D77-978A-D5B8572843FF}.Debug.ActiveCfg = Debug|Win32
		{5CEB23D7-5BDB-4D77-978A-D5B8572843FF}.Debug.Build.0 = Debug|Win32
		{5CEB23D7-5BDB-4D77-978A-D5B8572843FF}.Release.ActiveCfg = Release|Win32
		{5CEB23D7-5BDB-4D77-978A-D5B8572843FF}.Release.Build.0 = Release|Win32
		{5CEB23D7-5BDB-4D77-978A-D5B8572843FF}.Release ANSI.ActiveCfg = Release|Win32
		{5CEB23D7-5BDB-4D77-978A-D5B8572843FF}.Release ANSI.Build.0 = Release|Win32
		{409102E1-0B45-41CD-A3F8-C37371520D9B}.Debug.ActiveCfg = Debug|Win32
		{409102E1-0B45-41CD-A3F8-C37371520D9B}.Debug.Build.0 = Debug|Win32
		{409102E1-0B45-41CD-A3F8-C37371520D9B}.Release.ActiveCfg = Release|Win32
		{409102E1-0B45-41CD-A3F8-C37371520D9B}.Release.Build.0 = Release|Win32
		{409102E1-0B45-41CD-A3F8-C37371520D9B}.Release ANSI.ActiveCfg = Release|Win32
		{409102E1-0B45-41CD-A3F8-C37371520D9B}.Release ANSI.Build.0 = Release|Win32
		{AB39547E-6CAC-4E25-8BC4-C97EFC144800}.Debug.ActiveCfg = Debug|Win32
		{AB39547E-6CAC-4E25-8BC4-C97EFC144800}.Debug.Build.0 = Debug|Win32
		{AB39547E-6CAC-4E25-8BC4-C97EFC144800}.Release.ActiveCfg = Release|Win32
		{AB39547E-6CAC-4E25-8BC4-C97EFC144800}.Release.Build.0 = Release|Win32
		{AB39547E-6CAC-4E25-8BC4-C97EFC144800}.Release ANSI.ActiveCfg = Release|Win32
		{AB39547E-6CAC-4E25-8BC4-C97EFC144800}.Release ANSI.Build.0 = Release|Win32
		{0842E354-7635-4B5D-8709-9A373ED27DCA}.Debug.ActiveCfg = Debug|Win32
		{0842E354-7635-4B5D-8709-9A373ED27DCA}.Debug.Build.0 = Debug|Win32
		{0842E354-7635-4B5D-8709-9A373ED27DCA}.Release.ActiveCfg = Release|Win32
		{0842E354-7635-4B5D-8709-9A373ED27DCA}.Release.Build.0 = Release|Win32
		{0842E354-7635-4B5D-8709-9A373ED27DCA}.Release ANSI.ActiveCfg = Release|Win32
		{0842E354-7635-4B5D-8709-9A373ED27DCA}.Release ANSI.Build.0 = Release|Win32
		{5C9C90BE-0FEA-4C67-9A4C-C2513C2E27C4}.Debug.ActiveCfg = Debug|Win32
		{5C9C90BE-0FEA-4C67-9A4C-C2513C2E27C4}.Debug.Build.0 = Debug|Win32
		{5C9C90BE-0FEA-4C67-9A4C-C2513C2E27C4}.Release.ActiveCfg = Release|Win32
		{5C9C90BE-0FEA-4C67-9A4C-C2513C2E27C4}.Release.Build.0 = Release|Win32
		{5C9C90BE-0FEA-4C67-9A4C-C2513C2E27C4}.Release ANSI.ActiveCfg = Release ANSI|Win32
		{5C9C90BE-0FEA-4C67-9A4C-C2513C2E27C4}.Release ANSI.Build.0 = Release ANSI|Win32
	EndGlobalSection
	GlobalSection(ExtensibilityGlobals) = postSolution
	EndGlobalSection
	GlobalSection(ExtensibilityAddIns) = postSolution
	EndGlobalSection
EndGlobal
