Microsoft Visual Studio Solution File, Format Version 7.00
Project("{8BC9CEB8-8B4A-11D0-8D11-00A0C91BC942}") = "cnv_aacpcm", "cnv_aacpcm.vcproj", "{A2D2F913-4DF5-4A44-B3CF-1FA47C79D0EC}"
EndProject
Project("{8BC9CEB8-8B4A-11D0-8D11-00A0C91BC942}") = "libfaad", "..\..\libfaad\libfaad.vcproj", "{105BBA3F-A9E8-43B3-B1F7-4566AA0F7DC6}"
EndProject
Global
	GlobalSection(SolutionConfiguration) = preSolution
		ConfigName.0 = Debug
		ConfigName.1 = Release
	EndGlobalSection
	GlobalSection(ProjectDependencies) = postSolution
		{A2D2F913-4DF5-4A44-B3CF-1FA47C79D0EC}.0 = {105BBA3F-A9E8-43B3-B1F7-4566AA0F7DC6}
	EndGlobalSection
	GlobalSection(ProjectConfiguration) = postSolution
		{A2D2F913-4DF5-4A44-B3CF-1FA47C79D0EC}.Debug.ActiveCfg = Debug|Win32
		{A2D2F913-4DF5-4A44-B3CF-1FA47C79D0EC}.Debug.Build.0 = Debug|Win32
		{A2D2F913-4DF5-4A44-B3CF-1FA47C79D0EC}.Release.ActiveCfg = Release|Win32
		{A2D2F913-4DF5-4A44-B3CF-1FA47C79D0EC}.Release.Build.0 = Release|Win32
		{105BBA3F-A9E8-43B3-B1F7-4566AA0F7DC6}.Debug.ActiveCfg = Debug|Win32
		{105BBA3F-A9E8-43B3-B1F7-4566AA0F7DC6}.Debug.Build.0 = Debug|Win32
		{105BBA3F-A9E8-43B3-B1F7-4566AA0F7DC6}.Release.ActiveCfg = Release|Win32
		{105BBA3F-A9E8-43B3-B1F7-4566AA0F7DC6}.Release.Build.0 = Release|Win32
	EndGlobalSection
	GlobalSection(ExtensibilityGlobals) = postSolution
	EndGlobalSection
	GlobalSection(ExtensibilityAddIns) = postSolution
	EndGlobalSection
EndGlobal
