Microsoft Visual Studio Solution File, Format Version 7.00
Project("{8BC9CEB8-8B4A-11D0-8D11-00A0C91BC942}") = "in_mp4", "in_mp4.vcproj", "{2D8F479D-A591-4502-9456-398425D5F834}"
EndProject
Project("{8BC9CEB8-8B4A-11D0-8D11-00A0C91BC942}") = "libfaad", "..\..\libfaad\libfaad.vcproj", "{82CAD808-21AF-40A6-92EC-AE01AA67B413}"
EndProject
Project("{8BC9CEB8-8B4A-11D0-8D11-00A0C91BC942}") = "libmp4v2_st", "..\..\common\mp4v2\libmp4v2_st60.vcproj", "{2398BB2F-FFF9-490B-B4CC-863F2D21AE46}"
EndProject
Project("{8BC9CEB8-8B4A-11D0-8D11-00A0C91BC942}") = "libmp4av_st", "..\..\common\mp4av\libmp4av_st.vcproj", "{8CAC9E26-BAA5-45A4-8721-E3170B3F8F49}"
EndProject
Global
	GlobalSection(SolutionConfiguration) = preSolution
		ConfigName.0 = Debug
		ConfigName.1 = Release
	EndGlobalSection
	GlobalSection(ProjectDependencies) = postSolution
		{2D8F479D-A591-4502-9456-398425D5F834}.0 = {82CAD808-21AF-40A6-92EC-AE01AA67B413}
		{2D8F479D-A591-4502-9456-398425D5F834}.1 = {8CAC9E26-BAA5-45A4-8721-E3170B3F8F49}
		{2D8F479D-A591-4502-9456-398425D5F834}.2 = {2398BB2F-FFF9-490B-B4CC-863F2D21AE46}
	EndGlobalSection
	GlobalSection(ProjectConfiguration) = postSolution
		{2D8F479D-A591-4502-9456-398425D5F834}.Debug.ActiveCfg = Debug|Win32
		{2D8F479D-A591-4502-9456-398425D5F834}.Debug.Build.0 = Debug|Win32
		{2D8F479D-A591-4502-9456-398425D5F834}.Release.ActiveCfg = Release|Win32
		{2D8F479D-A591-4502-9456-398425D5F834}.Release.Build.0 = Release|Win32
		{82CAD808-21AF-40A6-92EC-AE01AA67B413}.Debug.ActiveCfg = Debug|Win32
		{82CAD808-21AF-40A6-92EC-AE01AA67B413}.Debug.Build.0 = Debug|Win32
		{82CAD808-21AF-40A6-92EC-AE01AA67B413}.Release.ActiveCfg = Release|Win32
		{82CAD808-21AF-40A6-92EC-AE01AA67B413}.Release.Build.0 = Release|Win32
		{2398BB2F-FFF9-490B-B4CC-863F2D21AE46}.Debug.ActiveCfg = Debug|Win32
		{2398BB2F-FFF9-490B-B4CC-863F2D21AE46}.Debug.Build.0 = Debug|Win32
		{2398BB2F-FFF9-490B-B4CC-863F2D21AE46}.Release.ActiveCfg = Release|Win32
		{2398BB2F-FFF9-490B-B4CC-863F2D21AE46}.Release.Build.0 = Release|Win32
		{8CAC9E26-BAA5-45A4-8721-E3170B3F8F49}.Debug.ActiveCfg = Debug|Win32
		{8CAC9E26-BAA5-45A4-8721-E3170B3F8F49}.Debug.Build.0 = Debug|Win32
		{8CAC9E26-BAA5-45A4-8721-E3170B3F8F49}.Release.ActiveCfg = Release|Win32
		{8CAC9E26-BAA5-45A4-8721-E3170B3F8F49}.Release.Build.0 = Release|Win32
	EndGlobalSection
	GlobalSection(ExtensibilityGlobals) = postSolution
	EndGlobalSection
	GlobalSection(ExtensibilityAddIns) = postSolution
	EndGlobalSection
EndGlobal
