Microsoft Visual Studio Solution File, Format Version 7.00
Project("{8BC9CEB8-8B4A-11D0-8D11-00A0C91BC942}") = "libsndfile", "libsndfile.vcproj", "{5B5ED424-B9A0-4C9A-8C5D-036C4029F5CA}"
EndProject
Global
	GlobalSection(SolutionConfiguration) = preSolution
		ConfigName.0 = Debug
		ConfigName.1 = Release
	EndGlobalSection
	GlobalSection(ProjectDependencies) = postSolution
	EndGlobalSection
	GlobalSection(ProjectConfiguration) = postSolution
		{5B5ED424-B9A0-4C9A-8C5D-036C4029F5CA}.Debug.ActiveCfg = Debug|Win32
		{5B5ED424-B9A0-4C9A-8C5D-036C4029F5CA}.Debug.Build.0 = Debug|Win32
		{5B5ED424-B9A0-4C9A-8C5D-036C4029F5CA}.Release.ActiveCfg = Release|Win32
		{5B5ED424-B9A0-4C9A-8C5D-036C4029F5CA}.Release.Build.0 = Release|Win32
	EndGlobalSection
	GlobalSection(ExtensibilityGlobals) = postSolution
	EndGlobalSection
	GlobalSection(ExtensibilityAddIns) = postSolution
	EndGlobalSection
EndGlobal
