Microsoft Visual Studio Solution File, Format Version 7.00
Project("{8BC9CEB8-8B4A-11D0-8D11-00A0C91BC942}") = "id3lib", "id3lib.vcproj", "{C66FB333-8DF9-4D1A-B34E-04A2F189C213}"
EndProject
Project("{8BC9CEB8-8B4A-11D0-8D11-00A0C91BC942}") = "zlib", "..\zlib\prj\zlib.vcproj", "{06C7C077-A09D-4B71-8AA0-6269671D6430}"
EndProject
Global
	GlobalSection(SolutionConfiguration) = preSolution
		ConfigName.0 = Debug
		ConfigName.1 = NASM Debug
		ConfigName.2 = NASM Release
		ConfigName.3 = Release
	EndGlobalSection
	GlobalSection(ProjectDependencies) = postSolution
		{C66FB333-8DF9-4D1A-B34E-04A2F189C213}.0 = {06C7C077-A09D-4B71-8AA0-6269671D6430}
	EndGlobalSection
	GlobalSection(ProjectConfiguration) = postSolution
		{C66FB333-8DF9-4D1A-B34E-04A2F189C213}.Debug.ActiveCfg = Debug|Win32
		{C66FB333-8DF9-4D1A-B34E-04A2F189C213}.Debug.Build.0 = Debug|Win32
		{C66FB333-8DF9-4D1A-B34E-04A2F189C213}.NASM Debug.ActiveCfg = Debug|Win32
		{C66FB333-8DF9-4D1A-B34E-04A2F189C213}.NASM Debug.Build.0 = Debug|Win32
		{C66FB333-8DF9-4D1A-B34E-04A2F189C213}.NASM Release.ActiveCfg = Release|Win32
		{C66FB333-8DF9-4D1A-B34E-04A2F189C213}.NASM Release.Build.0 = Release|Win32
		{C66FB333-8DF9-4D1A-B34E-04A2F189C213}.Release.ActiveCfg = Release|Win32
		{C66FB333-8DF9-4D1A-B34E-04A2F189C213}.Release.Build.0 = Release|Win32
		{06C7C077-A09D-4B71-8AA0-6269671D6430}.Debug.ActiveCfg = Debug|Win32
		{06C7C077-A09D-4B71-8AA0-6269671D6430}.Debug.Build.0 = Debug|Win32
		{06C7C077-A09D-4B71-8AA0-6269671D6430}.NASM Debug.ActiveCfg = NASM Debug|Win32
		{06C7C077-A09D-4B71-8AA0-6269671D6430}.NASM Debug.Build.0 = NASM Debug|Win32
		{06C7C077-A09D-4B71-8AA0-6269671D6430}.NASM Release.ActiveCfg = NASM Release|Win32
		{06C7C077-A09D-4B71-8AA0-6269671D6430}.NASM Release.Build.0 = NASM Release|Win32
		{06C7C077-A09D-4B71-8AA0-6269671D6430}.Release.ActiveCfg = Release|Win32
		{06C7C077-A09D-4B71-8AA0-6269671D6430}.Release.Build.0 = Release|Win32
	EndGlobalSection
	GlobalSection(ExtensibilityGlobals) = postSolution
	EndGlobalSection
	GlobalSection(ExtensibilityAddIns) = postSolution
	EndGlobalSection
EndGlobal
